
Microsoft Visual Studio Solution File, Format Version 12.00
# Visual Studio Version 17
VisualStudioVersion = 17.5.33530.505
MinimumVisualStudioVersion = 10.0.40219.1
Project("{FAE04EC0-301F-11D3-BF4B-00C04F79EFBC}") = "Book-Backend", "Book-Backend\Book-Backend.csproj", "{40337A0B-A342-42D8-9F2E-5ECD213E9E1D}"
EndProject
Project("{FAE04EC0-301F-11D3-BF4B-00C04F79EFBC}") = "Business Layer", "Business Layer\Business Layer.csproj", "{1ED6048A-D96B-4696-B6F0-6CA23CB23025}"
EndProject
Project("{FAE04EC0-301F-11D3-BF4B-00C04F79EFBC}") = "Data Access Layer", "Data Access Layer\Data Access Layer.csproj", "{58E875E3-6301-4A18-A8AD-7146B0F5FF5D}"
EndProject
Global
	GlobalSection(SolutionConfigurationPlatforms) = preSolution
		Debug|Any CPU = Debug|Any CPU
		Release|Any CPU = Release|Any CPU
	EndGlobalSection
	GlobalSection(ProjectConfigurationPlatforms) = postSolution
		{40337A0B-A342-42D8-9F2E-5ECD213E9E1D}.Debug|Any CPU.ActiveCfg = Debug|Any CPU
		{40337A0B-A342-42D8-9F2E-5ECD213E9E1D}.Debug|Any CPU.Build.0 = Debug|Any CPU
		{40337A0B-A342-42D8-9F2E-5ECD213E9E1D}.Release|Any CPU.ActiveCfg = Release|Any CPU
		{40337A0B-A342-42D8-9F2E-5ECD213E9E1D}.Release|Any CPU.Build.0 = Release|Any CPU
		{1ED6048A-D96B-4696-B6F0-6CA23CB23025}.Debug|Any CPU.ActiveCfg = Debug|Any CPU
		{1ED6048A-D96B-4696-B6F0-6CA23CB23025}.Debug|Any CPU.Build.0 = Debug|Any CPU
		{1ED6048A-D96B-4696-B6F0-6CA23CB23025}.Release|Any CPU.ActiveCfg = Release|Any CPU
		{1ED6048A-D96B-4696-B6F0-6CA23CB23025}.Release|Any CPU.Build.0 = Release|Any CPU
		{58E875E3-6301-4A18-A8AD-7146B0F5FF5D}.Debug|Any CPU.ActiveCfg = Debug|Any CPU
		{58E875E3-6301-4A18-A8AD-7146B0F5FF5D}.Debug|Any CPU.Build.0 = Debug|Any CPU
		{58E875E3-6301-4A18-A8AD-7146B0F5FF5D}.Release|Any CPU.ActiveCfg = Release|Any CPU
		{58E875E3-6301-4A18-A8AD-7146B0F5FF5D}.Release|Any CPU.Build.0 = Release|Any CPU
	EndGlobalSection
	GlobalSection(SolutionProperties) = preSolution
		HideSolutionNode = FALSE
	EndGlobalSection
	GlobalSection(ExtensibilityGlobals) = postSolution
		SolutionGuid = {3167F572-C400-4AEB-92FD-5DFD758B0AD0}
	EndGlobalSection
EndGlobal
